{
  "name": "sweeper.js",
  "version": "0.1.0-beta",
  "lockfileVersion": 2,
  "requires": true,
  "packages": {
    "": {
      "name": "sweeper.js",
      "version": "0.1.0-beta",
      "license": "GPL-3.0",
      "dependencies": {
        "@types/node": "^17.0.22",
        "fs": "^0.0.1-security"
      }
    },
    "node_modules/@types/node": {
      "version": "17.0.22",
      "resolved": "https://registry.npmjs.org/@types/node/-/node-17.0.22.tgz",
      "integrity": "sha512-8FwbVoG4fy+ykY86XCAclKZDORttqE5/s7dyWZKLXTdv3vRy5HozBEinG5IqhvPXXzIZEcTVbuHlQEI6iuwcmw=="
    },
    "node_modules/fs": {
      "version": "0.0.1-security",
      "resolved": "https://registry.npmjs.org/fs/-/fs-0.0.1-security.tgz",
      "integrity": "sha1-invTcYa23d84E/I4WLV+yq9eQdQ="
    }
  },
  "dependencies": {
    "@types/node": {
      "version": "17.0.22",
      "resolved": "https://registry.npmjs.org/@types/node/-/node-17.0.22.tgz",
      "integrity": "sha512-8FwbVoG4fy+ykY86XCAclKZDORttqE5/s7dyWZKLXTdv3vRy5HozBEinG5IqhvPXXzIZEcTVbuHlQEI6iuwcmw=="
    },
    "fs": {
      "version": "0.0.1-security",
      "resolved": "https://registry.npmjs.org/fs/-/fs-0.0.1-security.tgz",
      "integrity": "sha1-invTcYa23d84E/I4WLV+yq9eQdQ="
    }
  }
}
